{
  "name": "kyocera-device-toolkit",
  "lockfileVersion": 3,
  "requires": true,
  "packages": {
    "": {
      "dependencies": {
        "log": "^1.4.0",
        "xml2js": "^0.4.19"
      }
    },
    "node_modules/log": {
      "version": "1.4.0",
      "resolved": "http://registry.npm.taobao.org/log/download/log-1.4.0.tgz",
      "integrity": "sha512-NnLhcxIAbhdhuMU0jDG83YjAH8JQj8tXUTy54Ib+4owuXwerrYFI8+OsnK1Ez/cig8O859QK6u6g0aYph/X/zQ==",
      "engines": {
        "node": ">= 0.2.0"
      }
    },
    "node_modules/xml2js": {
      "version": "0.4.19",
      "resolved": "http://registry.npm.taobao.org/xml2js/download/xml2js-0.4.19.tgz",
      "integrity": "sha512-esZnJZJOiJR9wWKMyuvSE1y6Dq5LCuJanqhxslH2bxM6duahNZ+HMpCLhBQGZkbX6xRf8x1Y2eJlgt2q3qo49Q==",
      "dependencies": {
        "sax": ">=0.6.0",
        "xmlbuilder": "~9.0.1"
      }
    },
    "node_modules/xml2js/node_modules/sax": {
      "version": "1.2.4",
      "resolved": "http://registry.npm.taobao.org/sax/download/sax-1.2.4.tgz",
      "integrity": "sha512-NqVDv9TpANUjFm0N8uM5GxL36UgKi9/atZw+x7YFnQ8ckwFGKrl4xX4yWtrey3UJm5nP1kUbnYgLopqWNSRhWw=="
    },
    "node_modules/xml2js/node_modules/xmlbuilder": {
      "version": "9.0.4",
      "resolved": "http://registry.npm.taobao.org/xmlbuilder/download/xmlbuilder-9.0.4.tgz",
      "integrity": "sha512-tNc8nWR9fhl8UAKXf5Cyp5Rl46dBVsHO0J4vbzpUt98kvt6OA7Lu8drdIeeJebaMPyiTG6EDivfTyBlwTBMzYA==",
      "engines": {
        "node": ">=4.0"
      }
    }
  }
}
